// !$*UTF8*$!
{
	archiveVersion = 1;
	classes = {
	};
	objectVersion = 50;
	objects = {

/* Begin PBXBuildFile section */
		5E52705E8EFE5EBBB93F6C91 /* Pods_Smack.framework in Frameworks */ = {isa = PBXBuildFile; fileRef = AB5B59154A742539C8C89499 /* Pods_Smack.framework */; };
		71590CD823CCCE2F0057690B /* CreateAccountVC.swift in Sources */ = {isa = PBXBuildFile; fileRef = 71590CD723CCCE2F0057690B /* CreateAccountVC.swift */; };
		716D028F23C987C600BDA397 /* LoginVC.swift in Sources */ = {isa = PBXBuildFile; fileRef = 716D028E23C987C600BDA397 /* LoginVC.swift */; };
		71ECF83723B69ED7004ED851 /* AppDelegate.swift in Sources */ = {isa = PBXBuildFile; fileRef = 71ECF83623B69ED7004ED851 /* AppDelegate.swift */; };
		71ECF83923B69ED7004ED851 /* SceneDelegate.swift in Sources */ = {isa = PBXBuildFile; fileRef = 71ECF83823B69ED7004ED851 /* SceneDelegate.swift */; };
		71ECF83E23B69ED7004ED851 /* Main.storyboard in Resources */ = {isa = PBXBuildFile; fileRef = 71ECF83C23B69ED7004ED851 /* Main.storyboard */; };
		71ECF84023B69EDB004ED851 /* Assets.xcassets in Resources */ = {isa = PBXBuildFile; fileRef = 71ECF83F23B69EDB004ED851 /* Assets.xcassets */; };
		71ECF84323B69EDB004ED851 /* LaunchScreen.storyboard in Resources */ = {isa = PBXBuildFile; fileRef = 71ECF84123B69EDB004ED851 /* LaunchScreen.storyboard */; };
		71EFBA9D23BA86EA00DF706D /* ChatVC.swift in Sources */ = {isa = PBXBuildFile; fileRef = 71EFBA9C23BA86EA00DF706D /* ChatVC.swift */; };
		71EFBA9F23BA870800DF706D /* ChannelVC.swift in Sources */ = {isa = PBXBuildFile; fileRef = 71EFBA9E23BA870800DF706D /* ChannelVC.swift */; };
		71EFBAA523BA8DC300DF706D /* SWRevealViewController.m in Sources */ = {isa = PBXBuildFile; fileRef = 71EFBAA323BA8DC200DF706D /* SWRevealViewController.m */; };
		71EFBAAF23BAB01600DF706D /* GradientView.swift in Sources */ = {isa = PBXBuildFile; fileRef = 71EFBAAE23BAB01600DF706D /* GradientView.swift */; };
		71F9F9B123C5189700281FAA /* Constants.swift in Sources */ = {isa = PBXBuildFile; fileRef = 71F9F9B023C5189700281FAA /* Constants.swift */; };
/* End PBXBuildFile section */

/* Begin PBXFileReference section */
		71590CD723CCCE2F0057690B /* CreateAccountVC.swift */ = {isa = PBXFileReference; lastKnownFileType = sourcecode.swift; path = CreateAccountVC.swift; sourceTree = "<group>"; };
		716D028E23C987C600BDA397 /* LoginVC.swift */ = {isa = PBXFileReference; lastKnownFileType = sourcecode.swift; path = LoginVC.swift; sourceTree = "<group>"; };
		71ECF83323B69ED7004ED851 /* Smack.app */ = {isa = PBXFileReference; explicitFileType = wrapper.application; includeInIndex = 0; path = Smack.app; sourceTree = BUILT_PRODUCTS_DIR; };
		71ECF83623B69ED7004ED851 /* AppDelegate.swift */ = {isa = PBXFileReference; lastKnownFileType = sourcecode.swift; path = AppDelegate.swift; sourceTree = "<group>"; };
		71ECF83823B69ED7004ED851 /* SceneDelegate.swift */ = {isa = PBXFileReference; lastKnownFileType = sourcecode.swift; path = SceneDelegate.swift; sourceTree = "<group>"; };
		71ECF83D23B69ED7004ED851 /* Base */ = {isa = PBXFileReference; lastKnownFileType = file.storyboard; name = Base; path = Base.lproj/Main.storyboard; sourceTree = "<group>"; };
		71ECF83F23B69EDB004ED851 /* Assets.xcassets */ = {isa = PBXFileReference; lastKnownFileType = folder.assetcatalog; path = Assets.xcassets; sourceTree = "<group>"; };
		71ECF84223B69EDB004ED851 /* Base */ = {isa = PBXFileReference; lastKnownFileType = file.storyboard; name = Base; path = Base.lproj/LaunchScreen.storyboard; sourceTree = "<group>"; };
		71ECF84423B69EDB004ED851 /* Info.plist */ = {isa = PBXFileReference; lastKnownFileType = text.plist.xml; path = Info.plist; sourceTree = "<group>"; };
		71EFBA9C23BA86EA00DF706D /* ChatVC.swift */ = {isa = PBXFileReference; lastKnownFileType = sourcecode.swift; path = ChatVC.swift; sourceTree = "<group>"; };
		71EFBA9E23BA870800DF706D /* ChannelVC.swift */ = {isa = PBXFileReference; lastKnownFileType = sourcecode.swift; path = ChannelVC.swift; sourceTree = "<group>"; };
		71EFBAA323BA8DC200DF706D /* SWRevealViewController.m */ = {isa = PBXFileReference; fileEncoding = 4; lastKnownFileType = sourcecode.c.objc; path = SWRevealViewController.m; sourceTree = "<group>"; };
		71EFBAA423BA8DC300DF706D /* SWRevealViewController.h */ = {isa = PBXFileReference; fileEncoding = 4; lastKnownFileType = sourcecode.c.h; path = SWRevealViewController.h; sourceTree = "<group>"; };
		71EFBAA823BA930700DF706D /* Smack-Bridging-Header.h */ = {isa = PBXFileReference; fileEncoding = 4; lastKnownFileType = sourcecode.c.h; path = "Smack-Bridging-Header.h"; sourceTree = "<group>"; };
		71EFBAAE23BAB01600DF706D /* GradientView.swift */ = {isa = PBXFileReference; lastKnownFileType = sourcecode.swift; path = GradientView.swift; sourceTree = "<group>"; };
		71F9F9B023C5189700281FAA /* Constants.swift */ = {isa = PBXFileReference; lastKnownFileType = sourcecode.swift; path = Constants.swift; sourceTree = "<group>"; };
		A7803E3218D2A6A30777D794 /* Pods-Smack.debug.xcconfig */ = {isa = PBXFileReference; includeInIndex = 1; lastKnownFileType = text.xcconfig; name = "Pods-Smack.debug.xcconfig"; path = "Pods/Target Support Files/Pods-Smack/Pods-Smack.debug.xcconfig"; sourceTree = "<group>"; };
		AB5B59154A742539C8C89499 /* Pods_Smack.framework */ = {isa = PBXFileReference; explicitFileType = wrapper.framework; includeInIndex = 0; path = Pods_Smack.framework; sourceTree = BUILT_PRODUCTS_DIR; };
		E65D14F48479F5F61920F802 /* Pods-Smack.release.xcconfig */ = {isa = PBXFileReference; includeInIndex = 1; lastKnownFileType = text.xcconfig; name = "Pods-Smack.release.xcconfig"; path = "Pods/Target Support Files/Pods-Smack/Pods-Smack.release.xcconfig"; sourceTree = "<group>"; };
/* End PBXFileReference section */

/* Begin PBXFrameworksBuildPhase section */
		71ECF83023B69ED7004ED851 /* Frameworks */ = {
			isa = PBXFrameworksBuildPhase;
			buildActionMask = 2147483647;
			files = (
				5E52705E8EFE5EBBB93F6C91 /* Pods_Smack.framework in Frameworks */,
			);
			runOnlyForDeploymentPostprocessing = 0;
		};
/* End PBXFrameworksBuildPhase section */

/* Begin PBXGroup section */
		6F41E7736BE4CFFBC83D3AD6 /* Pods */ = {
			isa = PBXGroup;
			children = (
				A7803E3218D2A6A30777D794 /* Pods-Smack.debug.xcconfig */,
				E65D14F48479F5F61920F802 /* Pods-Smack.release.xcconfig */,
			);
			name = Pods;
			sourceTree = "<group>";
		};
		71ECF82A23B69ED7004ED851 = {
			isa = PBXGroup;
			children = (
				71F9F9AF23C5187600281FAA /* Utilities */,
				71EFBA9923BA85BF00DF706D /* Controller */,
				71EFBA9423BA5DC500DF706D /* Supporting Files */,
				71F9F9B023C5189700281FAA /* Constants.swift */,
				71ECF83523B69ED7004ED851 /* Smack */,
				71ECF83423B69ED7004ED851 /* Products */,
				6F41E7736BE4CFFBC83D3AD6 /* Pods */,
				DD41C4485C408D75F7BFA91E /* Frameworks */,
			);
			sourceTree = "<group>";
		};
		71ECF83423B69ED7004ED851 /* Products */ = {
			isa = PBXGroup;
			children = (
				71ECF83323B69ED7004ED851 /* Smack.app */,
			);
			name = Products;
			sourceTree = "<group>";
		};
		71ECF83523B69ED7004ED851 /* Smack */ = {
			isa = PBXGroup;
			children = (
				71EFBAAB23BAAFBA00DF706D /* Model */,
				71EFBAA923BAAF9C00DF706D /* View */,
				71ECF83623B69ED7004ED851 /* AppDelegate.swift */,
				71ECF83823B69ED7004ED851 /* SceneDelegate.swift */,
				71ECF83C23B69ED7004ED851 /* Main.storyboard */,
				71ECF83F23B69EDB004ED851 /* Assets.xcassets */,
				71ECF84123B69EDB004ED851 /* LaunchScreen.storyboard */,
				71ECF84423B69EDB004ED851 /* Info.plist */,
			);
			path = Smack;
			sourceTree = "<group>";
		};
		71EFBA9423BA5DC500DF706D /* Supporting Files */ = {
			isa = PBXGroup;
			children = (
				71EFBAA423BA8DC300DF706D /* SWRevealViewController.h */,
				71EFBAA323BA8DC200DF706D /* SWRevealViewController.m */,
				71EFBAA823BA930700DF706D /* Smack-Bridging-Header.h */,
			);
			path = "Supporting Files";
			sourceTree = "<group>";
		};
		71EFBA9923BA85BF00DF706D /* Controller */ = {
			isa = PBXGroup;
			children = (
				71EFBA9C23BA86EA00DF706D /* ChatVC.swift */,
				71EFBA9E23BA870800DF706D /* ChannelVC.swift */,
				716D028E23C987C600BDA397 /* LoginVC.swift */,
				71590CD723CCCE2F0057690B /* CreateAccountVC.swift */,
			);
			path = Controller;
			sourceTree = "<group>";
		};
		71EFBAA923BAAF9C00DF706D /* View */ = {
			isa = PBXGroup;
			children = (
				71EFBAAE23BAB01600DF706D /* GradientView.swift */,
			);
			path = View;
			sourceTree = "<group>";
		};
		71EFBAAB23BAAFBA00DF706D /* Model */ = {
			isa = PBXGroup;
			children = (
			);
			path = Model;
			sourceTree = "<group>";
		};
		71F9F9AF23C5187600281FAA /* Utilities */ = {
			isa = PBXGroup;
			children = (
			);
			path = Utilities;
			sourceTree = "<group>";
		};
		DD41C4485C408D75F7BFA91E /* Frameworks */ = {
			isa = PBXGroup;
			children = (
				AB5B59154A742539C8C89499 /* Pods_Smack.framework */,
			);
			name = Frameworks;
			sourceTree = "<group>";
		};
/* End PBXGroup section */

/* Begin PBXNativeTarget section */
		71ECF83223B69ED7004ED851 /* Smack */ = {
			isa = PBXNativeTarget;
			buildConfigurationList = 71ECF84723B69EDB004ED851 /* Build configuration list for PBXNativeTarget "Smack" */;
			buildPhases = (
				FBC9DD18DD6456810FA209E3 /* [CP] Check Pods Manifest.lock */,
				71ECF82F23B69ED7004ED851 /* Sources */,
				71ECF83023B69ED7004ED851 /* Frameworks */,
				71ECF83123B69ED7004ED851 /* Resources */,
				A34B3B7C5B6BA93F409117BB /* [CP] Embed Pods Frameworks */,
			);
			buildRules = (
			);
			dependencies = (
			);
			name = Smack;
			productName = Smack;
			productReference = 71ECF83323B69ED7004ED851 /* Smack.app */;
			productType = "com.apple.product-type.application";
		};
/* End PBXNativeTarget section */

/* Begin PBXProject section */
		71ECF82B23B69ED7004ED851 /* Project object */ = {
			isa = PBXProject;
			attributes = {
				LastSwiftUpdateCheck = 1130;
				LastUpgradeCheck = 1130;
				ORGANIZATIONNAME = "Carlos Pinder";
				TargetAttributes = {
					71ECF83223B69ED7004ED851 = {
						CreatedOnToolsVersion = 11.3;
						LastSwiftMigration = 1130;
					};
				};
			};
			buildConfigurationList = 71ECF82E23B69ED7004ED851 /* Build configuration list for PBXProject "Smack" */;
			compatibilityVersion = "Xcode 9.3";
			developmentRegion = en;
			hasScannedForEncodings = 0;
			knownRegions = (
				en,
				Base,
			);
			mainGroup = 71ECF82A23B69ED7004ED851;
			productRefGroup = 71ECF83423B69ED7004ED851 /* Products */;
			projectDirPath = "";
			projectRoot = "";
			targets = (
				71ECF83223B69ED7004ED851 /* Smack */,
			);
		};
/* End PBXProject section */

/* Begin PBXResourcesBuildPhase section */
		71ECF83123B69ED7004ED851 /* Resources */ = {
			isa = PBXResourcesBuildPhase;
			buildActionMask = 2147483647;
			files = (
				71ECF84323B69EDB004ED851 /* LaunchScreen.storyboard in Resources */,
				71ECF84023B69EDB004ED851 /* Assets.xcassets in Resources */,
				71ECF83E23B69ED7004ED851 /* Main.storyboard in Resources */,
			);
			runOnlyForDeploymentPostprocessing = 0;
		};
/* End PBXResourcesBuildPhase section */

/* Begin PBXShellScriptBuildPhase section */
		A34B3B7C5B6BA93F409117BB /* [CP] Embed Pods Frameworks */ = {
			isa = PBXShellScriptBuildPhase;
			buildActionMask = 2147483647;
			files = (
			);
			inputPaths = (
				"${SRCROOT}/Pods/Target Support Files/Pods-Smack/Pods-Smack-frameworks.sh",
				"${BUILT_PRODUCTS_DIR}/Alamofire/Alamofire.framework",
				"${BUILT_PRODUCTS_DIR}/Socket.IO-Client-Swift/SocketIO.framework",
				"${BUILT_PRODUCTS_DIR}/Starscream/Starscream.framework",
				"${BUILT_PRODUCTS_DIR}/SwiftyJSON/SwiftyJSON.framework",
			);
			name = "[CP] Embed Pods Frameworks";
			outputPaths = (
				"${TARGET_BUILD_DIR}/${FRAMEWORKS_FOLDER_PATH}/Alamofire.framework",
				"${TARGET_BUILD_DIR}/${FRAMEWORKS_FOLDER_PATH}/SocketIO.framework",
				"${TARGET_BUILD_DIR}/${FRAMEWORKS_FOLDER_PATH}/Starscream.framework",
				"${TARGET_BUILD_DIR}/${FRAMEWORKS_FOLDER_PATH}/SwiftyJSON.framework",
			);
			runOnlyForDeploymentPostprocessing = 0;
			shellPath = /bin/sh;
			shellScript = "\"${SRCROOT}/Pods/Target Support Files/Pods-Smack/Pods-Smack-frameworks.sh\"\n";
			showEnvVarsInLog = 0;
		};
		FBC9DD18DD6456810FA209E3 /* [CP] Check Pods Manifest.lock */ = {
			isa = PBXShellScriptBuildPhase;
			buildActionMask = 2147483647;
			files = (
			);
			inputPaths = (
				"${PODS_PODFILE_DIR_PATH}/Podfile.lock",
				"${PODS_ROOT}/Manifest.lock",
			);
			name = "[CP] Check Pods Manifest.lock";
			outputPaths = (
				"$(DERIVED_FILE_DIR)/Pods-Smack-checkManifestLockResult.txt",
			);
			runOnlyForDeploymentPostprocessing = 0;
			shellPath = /bin/sh;
			shellScript = "diff \"${PODS_PODFILE_DIR_PATH}/Podfile.lock\" \"${PODS_ROOT}/Manifest.lock\" > /dev/null\nif [ $? != 0 ] ; then\n    # print error to STDERR\n    echo \"error: The sandbox is not in sync with the Podfile.lock. Run 'pod install' or update your CocoaPods installation.\" >&2\n    exit 1\nfi\n# This output is used by Xcode 'outputs' to avoid re-running this script phase.\necho \"SUCCESS\" > \"${SCRIPT_OUTPUT_FILE_0}\"\n";
			showEnvVarsInLog = 0;
		};
/* End PBXShellScriptBuildPhase section */

/* Begin PBXSourcesBuildPhase section */
		71ECF82F23B69ED7004ED851 /* Sources */ = {
			isa = PBXSourcesBuildPhase;
			buildActionMask = 2147483647;
			files = (
				71EFBA9D23BA86EA00DF706D /* ChatVC.swift in Sources */,
				71ECF83723B69ED7004ED851 /* AppDelegate.swift in Sources */,
				716D028F23C987C600BDA397 /* LoginVC.swift in Sources */,
				71EFBAAF23BAB01600DF706D /* GradientView.swift in Sources */,
				71EFBAA523BA8DC300DF706D /* SWRevealViewController.m in Sources */,
				71590CD823CCCE2F0057690B /* CreateAccountVC.swift in Sources */,
				71F9F9B123C5189700281FAA /* Constants.swift in Sources */,
				71ECF83923B69ED7004ED851 /* SceneDelegate.swift in Sources */,
				71EFBA9F23BA870800DF706D /* ChannelVC.swift in Sources */,
			);
			runOnlyForDeploymentPostprocessing = 0;
		};
/* End PBXSourcesBuildPhase section */

/* Begin PBXVariantGroup section */
		71ECF83C23B69ED7004ED851 /* Main.storyboard */ = {
			isa = PBXVariantGroup;
			children = (
				71ECF83D23B69ED7004ED851 /* Base */,
			);
			name = Main.storyboard;
			sourceTree = "<group>";
		};
		71ECF84123B69EDB004ED851 /* LaunchScreen.storyboard */ = {
			isa = PBXVariantGroup;
			children = (
				71ECF84223B69EDB004ED851 /* Base */,
			);
			name = LaunchScreen.storyboard;
			sourceTree = "<group>";
		};
/* End PBXVariantGroup section */

/* Begin XCBuildConfiguration section */
		71ECF84523B69EDB004ED851 /* Debug */ = {
			isa = XCBuildConfiguration;
			buildSettings = {
				ALWAYS_SEARCH_USER_PATHS = NO;
				CLANG_ANALYZER_NONNULL = YES;
				CLANG_ANALYZER_NUMBER_OBJECT_CONVERSION = YES_AGGRESSIVE;
				CLANG_CXX_LANGUAGE_STANDARD = "gnu++14";
				CLANG_CXX_LIBRARY = "libc++";
				CLANG_ENABLE_MODULES = YES;
				CLANG_ENABLE_OBJC_ARC = YES;
				CLANG_ENABLE_OBJC_WEAK = YES;
				CLANG_WARN_BLOCK_CAPTURE_AUTORELEASING = YES;
				CLANG_WARN_BOOL_CONVERSION = YES;
				CLANG_WARN_COMMA = YES;
				CLANG_WARN_CONSTANT_CONVERSION = YES;
				CLANG_WARN_DEPRECATED_OBJC_IMPLEMENTATIONS = YES;
				CLANG_WARN_DIRECT_OBJC_ISA_USAGE = YES_ERROR;
				CLANG_WARN_DOCUMENTATION_COMMENTS = YES;
				CLANG_WARN_EMPTY_BODY = YES;
				CLANG_WARN_ENUM_CONVERSION = YES;
				CLANG_WARN_INFINITE_RECURSION = YES;
				CLANG_WARN_INT_CONVERSION = YES;
				CLANG_WARN_NON_LITERAL_NULL_CONVERSION = YES;
				CLANG_WARN_OBJC_IMPLICIT_RETAIN_SELF = YES;
				CLANG_WARN_OBJC_LITERAL_CONVERSION = YES;
				CLANG_WARN_OBJC_ROOT_CLASS = YES_ERROR;
				CLANG_WARN_RANGE_LOOP_ANALYSIS = YES;
				CLANG_WARN_STRICT_PROTOTYPES = YES;
				CLANG_WARN_SUSPICIOUS_MOVE = YES;
				CLANG_WARN_UNGUARDED_AVAILABILITY = YES_AGGRESSIVE;
				CLANG_WARN_UNREACHABLE_CODE = YES;
				CLANG_WARN__DUPLICATE_METHOD_MATCH = YES;
				COPY_PHASE_STRIP = NO;
				DEBUG_INFORMATION_FORMAT = dwarf;
				ENABLE_STRICT_OBJC_MSGSEND = YES;
				ENABLE_TESTABILITY = YES;
				GCC_C_LANGUAGE_STANDARD = gnu11;
				GCC_DYNAMIC_NO_PIC = NO;
				GCC_NO_COMMON_BLOCKS = YES;
				GCC_OPTIMIZATION_LEVEL = 0;
				GCC_PREPROCESSOR_DEFINITIONS = (
					"DEBUG=1",
					"$(inherited)",
				);
				GCC_WARN_64_TO_32_BIT_CONVERSION = YES;
				GCC_WARN_ABOUT_RETURN_TYPE = YES_ERROR;
				GCC_WARN_UNDECLARED_SELECTOR = YES;
				GCC_WARN_UNINITIALIZED_AUTOS = YES_AGGRESSIVE;
				GCC_WARN_UNUSED_FUNCTION = YES;
				GCC_WARN_UNUSED_VARIABLE = YES;
				IPHONEOS_DEPLOYMENT_TARGET = 13.2;
				MTL_ENABLE_DEBUG_INFO = INCLUDE_SOURCE;
				MTL_FAST_MATH = YES;
				ONLY_ACTIVE_ARCH = YES;
				SDKROOT = iphoneos;
				SWIFT_ACTIVE_COMPILATION_CONDITIONS = DEBUG;
				SWIFT_OPTIMIZATION_LEVEL = "-Onone";
			};
			name = Debug;
		};
		71ECF84623B69EDB004ED851 /* Release */ = {
			isa = XCBuildConfiguration;
			buildSettings = {
				ALWAYS_SEARCH_USER_PATHS = NO;
				CLANG_ANALYZER_NONNULL = YES;
				CLANG_ANALYZER_NUMBER_OBJECT_CONVERSION = YES_AGGRESSIVE;
				CLANG_CXX_LANGUAGE_STANDARD = "gnu++14";
				CLANG_CXX_LIBRARY = "libc++";
				CLANG_ENABLE_MODULES = YES;
				CLANG_ENABLE_OBJC_ARC = YES;
				CLANG_ENABLE_OBJC_WEAK = YES;
				CLANG_WARN_BLOCK_CAPTURE_AUTORELEASING = YES;
				CLANG_WARN_BOOL_CONVERSION = YES;
				CLANG_WARN_COMMA = YES;
				CLANG_WARN_CONSTANT_CONVERSION = YES;
				CLANG_WARN_DEPRECATED_OBJC_IMPLEMENTATIONS = YES;
				CLANG_WARN_DIRECT_OBJC_ISA_USAGE = YES_ERROR;
				CLANG_WARN_DOCUMENTATION_COMMENTS = YES;
				CLANG_WARN_EMPTY_BODY = YES;
				CLANG_WARN_ENUM_CONVERSION = YES;
				CLANG_WARN_INFINITE_RECURSION = YES;
				CLANG_WARN_INT_CONVERSION = YES;
				CLANG_WARN_NON_LITERAL_NULL_CONVERSION = YES;
				CLANG_WARN_OBJC_IMPLICIT_RETAIN_SELF = YES;
				CLANG_WARN_OBJC_LITERAL_CONVERSION = YES;
				CLANG_WARN_OBJC_ROOT_CLASS = YES_ERROR;
				CLANG_WARN_RANGE_LOOP_ANALYSIS = YES;
				CLANG_WARN_STRICT_PROTOTYPES = YES;
				CLANG_WARN_SUSPICIOUS_MOVE = YES;
				CLANG_WARN_UNGUARDED_AVAILABILITY = YES_AGGRESSIVE;
				CLANG_WARN_UNREACHABLE_CODE = YES;
				CLANG_WARN__DUPLICATE_METHOD_MATCH = YES;
				COPY_PHASE_STRIP = NO;
				DEBUG_INFORMATION_FORMAT = "dwarf-with-dsym";
				ENABLE_NS_ASSERTIONS = NO;
				ENABLE_STRICT_OBJC_MSGSEND = YES;
				GCC_C_LANGUAGE_STANDARD = gnu11;
				GCC_NO_COMMON_BLOCKS = YES;
				GCC_WARN_64_TO_32_BIT_CONVERSION = YES;
				GCC_WARN_ABOUT_RETURN_TYPE = YES_ERROR;
				GCC_WARN_UNDECLARED_SELECTOR = YES;
				GCC_WARN_UNINITIALIZED_AUTOS = YES_AGGRESSIVE;
				GCC_WARN_UNUSED_FUNCTION = YES;
				GCC_WARN_UNUSED_VARIABLE = YES;
				IPHONEOS_DEPLOYMENT_TARGET = 13.2;
				MTL_ENABLE_DEBUG_INFO = NO;
				MTL_FAST_MATH = YES;
				SDKROOT = iphoneos;
				SWIFT_COMPILATION_MODE = wholemodule;
				SWIFT_OPTIMIZATION_LEVEL = "-O";
				VALIDATE_PRODUCT = YES;
			};
			name = Release;
		};
		71ECF84823B69EDB004ED851 /* Debug */ = {
			isa = XCBuildConfiguration;
			baseConfigurationReference = A7803E3218D2A6A30777D794 /* Pods-Smack.debug.xcconfig */;
			buildSettings = {
				ASSETCATALOG_COMPILER_APPICON_NAME = AppIcon;
				CLANG_ENABLE_MODULES = YES;
				CODE_SIGN_STYLE = Automatic;
				DEVELOPMENT_TEAM = 5NMMJZJ94N;
				INFOPLIST_FILE = Smack/Info.plist;
				LD_RUNPATH_SEARCH_PATHS = (
					"$(inherited)",
					"@executable_path/Frameworks",
				);
				PRODUCT_BUNDLE_IDENTIFIER = pindersoftware.Smack;
				PRODUCT_NAME = "$(TARGET_NAME)";
				SWIFT_OBJC_BRIDGING_HEADER = "Supporting Files/Smack-Bridging-Header.h";
				SWIFT_OPTIMIZATION_LEVEL = "-Onone";
				SWIFT_VERSION = 5.0;
				TARGETED_DEVICE_FAMILY = "1,2";
			};
			name = Debug;
		};
		71ECF84923B69EDB004ED851 /* Release */ = {
			isa = XCBuildConfiguration;
			baseConfigurationReference = E65D14F48479F5F61920F802 /* Pods-Smack.release.xcconfig */;
			buildSettings = {
				ASSETCATALOG_COMPILER_APPICON_NAME = AppIcon;
				CLANG_ENABLE_MODULES = YES;
				CODE_SIGN_STYLE = Automatic;
				DEVELOPMENT_TEAM = 5NMMJZJ94N;
				INFOPLIST_FILE = Smack/Info.plist;
				LD_RUNPATH_SEARCH_PATHS = (
					"$(inherited)",
					"@executable_path/Frameworks",
				);
				PRODUCT_BUNDLE_IDENTIFIER = pindersoftware.Smack;
				PRODUCT_NAME = "$(TARGET_NAME)";
				SWIFT_OBJC_BRIDGING_HEADER = "Supporting Files/Smack-Bridging-Header.h";
				SWIFT_VERSION = 5.0;
				TARGETED_DEVICE_FAMILY = "1,2";
			};
			name = Release;
		};
/* End XCBuildConfiguration section */

/* Begin XCConfigurationList section */
		71ECF82E23B69ED7004ED851 /* Build configuration list for PBXProject "Smack" */ = {
			isa = XCConfigurationList;
			buildConfigurations = (
				71ECF84523B69EDB004ED851 /* Debug */,
				71ECF84623B69EDB004ED851 /* Release */,
			);
			defaultConfigurationIsVisible = 0;
			defaultConfigurationName = Release;
		};
		71ECF84723B69EDB004ED851 /* Build configuration list for PBXNativeTarget "Smack" */ = {
			isa = XCConfigurationList;
			buildConfigurations = (
				71ECF84823B69EDB004ED851 /* Debug */,
				71ECF84923B69EDB004ED851 /* Release */,
			);
			defaultConfigurationIsVisible = 0;
			defaultConfigurationName = Release;
		};
/* End XCConfigurationList section */
	};
	rootObject = 71ECF82B23B69ED7004ED851 /* Project object */;
}
